
Microsoft Visual Studio Solution File, Format Version 12.00
# Visual Studio Version 16
VisualStudioVersion = 16.0.29709.97
MinimumVisualStudioVersion = 10.0.40219.1
Project("{FAE04EC0-301F-11D3-BF4B-00C04F79EFBC}") = "Stonks", "Stonks\Stonks.csproj", "{2035450C-8B6B-4159-A1D7-D3FC29D39D79}"
EndProject
Global
	GlobalSection(SolutionConfigurationPlatforms) = preSolution
		Debug|Any CPU = Debug|Any CPU
		Release|Any CPU = Release|Any CPU
	EndGlobalSection
	GlobalSection(ProjectConfigurationPlatforms) = postSolution
		{2035450C-8B6B-4159-A1D7-D3FC29D39D79}.Debug|Any CPU.ActiveCfg = Debug|Any CPU
		{2035450C-8B6B-4159-A1D7-D3FC29D39D79}.Debug|Any CPU.Build.0 = Debug|Any CPU
		{2035450C-8B6B-4159-A1D7-D3FC29D39D79}.Release|Any CPU.ActiveCfg = Release|Any CPU
		{2035450C-8B6B-4159-A1D7-D3FC29D39D79}.Release|Any CPU.Build.0 = Release|Any CPU
	EndGlobalSection
	GlobalSection(SolutionProperties) = preSolution
		HideSolutionNode = FALSE
	EndGlobalSection
	GlobalSection(ExtensibilityGlobals) = postSolution
		SolutionGuid = {D68E682E-F73B-423A-8048-9F24216B195E}
	EndGlobalSection
EndGlobal
